
Microsoft Visual Studio Solution File, Format Version 12.00
# Visual Studio Version 17
VisualStudioVersion = 17.3.32929.385
MinimumVisualStudioVersion = 10.0.40219.1
Project("{9A19103F-16F7-4668-BE54-9A1E7A4F7556}") = "Module8", "Module8\Module8.csproj", "{B8A6269C-24D3-4ECB-95BB-9410937B44CE}"
EndProject
Project("{9A19103F-16F7-4668-BE54-9A1E7A4F7556}") = "Module8.Library", "Module8.Library\Module8.Library.csproj", "{1205E962-B79F-46C4-BC60-284F58207875}"
EndProject
Project("{FAE04EC0-301F-11D3-BF4B-00C04F79EFBC}") = "Task8.2.4", "Task8.2.4\Task8.2.4.csproj", "{D17C7A74-754A-4C15-9FA4-A2D30A283634}"
EndProject
Global
	GlobalSection(SolutionConfigurationPlatforms) = preSolution
		Debug|Any CPU = Debug|Any CPU
		Release|Any CPU = Release|Any CPU
	EndGlobalSection
	GlobalSection(ProjectConfigurationPlatforms) = postSolution
		{B8A6269C-24D3-4ECB-95BB-9410937B44CE}.Debug|Any CPU.ActiveCfg = Debug|Any CPU
		{B8A6269C-24D3-4ECB-95BB-9410937B44CE}.Debug|Any CPU.Build.0 = Debug|Any CPU
		{B8A6269C-24D3-4ECB-95BB-9410937B44CE}.Release|Any CPU.ActiveCfg = Release|Any CPU
		{B8A6269C-24D3-4ECB-95BB-9410937B44CE}.Release|Any CPU.Build.0 = Release|Any CPU
		{1205E962-B79F-46C4-BC60-284F58207875}.Debug|Any CPU.ActiveCfg = Debug|Any CPU
		{1205E962-B79F-46C4-BC60-284F58207875}.Debug|Any CPU.Build.0 = Debug|Any CPU
		{1205E962-B79F-46C4-BC60-284F58207875}.Release|Any CPU.ActiveCfg = Release|Any CPU
		{1205E962-B79F-46C4-BC60-284F58207875}.Release|Any CPU.Build.0 = Release|Any CPU
		{D17C7A74-754A-4C15-9FA4-A2D30A283634}.Debug|Any CPU.ActiveCfg = Debug|Any CPU
		{D17C7A74-754A-4C15-9FA4-A2D30A283634}.Debug|Any CPU.Build.0 = Debug|Any CPU
		{D17C7A74-754A-4C15-9FA4-A2D30A283634}.Release|Any CPU.ActiveCfg = Release|Any CPU
		{D17C7A74-754A-4C15-9FA4-A2D30A283634}.Release|Any CPU.Build.0 = Release|Any CPU
	EndGlobalSection
	GlobalSection(SolutionProperties) = preSolution
		HideSolutionNode = FALSE
	EndGlobalSection
	GlobalSection(ExtensibilityGlobals) = postSolution
		SolutionGuid = {967C277D-4589-4D51-9458-63A672F8F6D6}
	EndGlobalSection
EndGlobal
